# THIS IS AN AUTOGENERATED FILE. DO NOT EDIT THIS FILE DIRECTLY.
# yarn lockfile v1


"@docmd/core@^0.6.8":
  version "0.6.9"
  resolved "https://registry.yarnpkg.com/@docmd/core/-/core-0.6.9.tgz#12077eb4b88e0be08bc7fea68ae5b8a4bca1c27d"
  integrity sha512-oKyi1DwQiWeECAHYqZ1cCJdVHs5qAkMOEMgB8jKgkccE3OiVSzEHnOMSyQOcIvDpfPb3pmOeR0YV9ioPnjOFzg==
  dependencies:
    "@docmd/live" "^0.6.9"
    "@docmd/parser" "^0.6.9"
    "@docmd/plugin-analytics" "^0.6.9"
    "@docmd/plugin-installer" "^0.6.9"
    "@docmd/plugin-llms" "^0.6.9"
    "@docmd/plugin-mermaid" "^0.6.9"
    "@docmd/plugin-pwa" "^0.6.9"
    "@docmd/plugin-search" "^0.6.9"
    "@docmd/plugin-seo" "^0.6.9"
    "@docmd/plugin-sitemap" "^0.6.9"
    "@docmd/themes" "^0.6.9"
    "@docmd/ui" "^0.6.9"
    chalk "^4.1.2"
    esbuild "^0.28.0"
    ws "^8.20.0"

"@docmd/live@^0.6.9":
  version "0.6.9"
  resolved "https://registry.yarnpkg.com/@docmd/live/-/live-0.6.9.tgz#a39088f7fbe4bb26ec84ed54c44569995ef4fec1"
  integrity sha512-AFg6YXoJ32xiCQCB3wv14fsglRg3gW4wSx4jaixYYhLvvJ8R0UL58/dxNysK4lgeQ1idIa2fCPd5bksh3o8Hfw==
  dependencies:
    "@docmd/parser" "^0.6.9"
    "@docmd/plugin-mermaid" "^0.6.9"
    "@docmd/themes" "^0.6.9"
    "@docmd/ui" "^0.6.9"
    buffer "^6.0.3"
    esbuild "^0.28.0"

"@docmd/parser@^0.6.9":
  version "0.6.9"
  resolved "https://registry.yarnpkg.com/@docmd/parser/-/parser-0.6.9.tgz#8e89ba0b9f5b8f3391eb5a65ce21186346d145fe"
  integrity sha512-eWV+ggZEmoxYEZ/7u3zzWJhLmnY7O8rUnkkG5ffyPxqDQf8Hugtd3amK2pGejZOZ2Oxpv79AgMLT8WEn6nEJgQ==
  dependencies:
    embed-lite "^0.1.4"
    lite-hl "^0.1.2"
    lite-matter "^0.1.1"
    lite-template "^0.1.2"
    lucide-static "^0.577.0"
    markdown-it "^14.1.1"
    markdown-it-abbr "^1.0.4"
    markdown-it-attrs "^4.3.1"
    markdown-it-deflist "^2.1.0"
    markdown-it-emoji "^2.0.2"
    markdown-it-footnote "^3.0.3"
    markdown-it-task-lists "^2.1.1"

"@docmd/plugin-analytics@^0.6.9":
  version "0.6.9"
  resolved "https://registry.yarnpkg.com/@docmd/plugin-analytics/-/plugin-analytics-0.6.9.tgz#286dcbc1b0e27078b3abe5118fd7e65b5d3c91f7"
  integrity sha512-8PfpnAFVUZO3hVcZFkqayWL4LkUd6QB+Vwadn2C6ocOyOu1PtDKJ2V8gC4X2VqDSDagew2wiXSkgCAVQtubKHQ==

"@docmd/plugin-installer@^0.6.9":
  version "0.6.9"
  resolved "https://registry.yarnpkg.com/@docmd/plugin-installer/-/plugin-installer-0.6.9.tgz#f6fc7b12c50f3a0c26d0b0ee3743c2201546184f"
  integrity sha512-PNYxU0xErYe4jc4xOOiwjUkIZIePwBplVNeJS2AFmIbWDIVmouWjifLTK5T3yVQxcOSkrIeRTeGSzK35A5QDxg==
  dependencies:
    chalk "^4.1.2"

"@docmd/plugin-llms@^0.6.9":
  version "0.6.9"
  resolved "https://registry.yarnpkg.com/@docmd/plugin-llms/-/plugin-llms-0.6.9.tgz#dce4447e723ee54c250a581d58b9897ee4090be6"
  integrity sha512-pp2YyDvTh/xsH6YvYMoCQzgcM8JlDwFrvbEG+fc0lHjTWE7z09gUVEi0W7G52iAi3N9/yCHr+5A4B1Q01MEYfA==

"@docmd/plugin-mermaid@^0.6.9":
  version "0.6.9"
  resolved "https://registry.yarnpkg.com/@docmd/plugin-mermaid/-/plugin-mermaid-0.6.9.tgz#ba4167cd3dca2eb02d8cc636d271fe3e8a441b64"
  integrity sha512-lFyzZOeiQDhNWvdpH1kviEEyHAFapxRNMmRlK9bEVWIW8Ol6GMVbYm6i2nAwPjXEhl1oyvs/+cVpuGJFF5Rd/g==

"@docmd/plugin-pwa@^0.6.9":
  version "0.6.9"
  resolved "https://registry.yarnpkg.com/@docmd/plugin-pwa/-/plugin-pwa-0.6.9.tgz#63b692513eba092e937dc3f60e4db3109969844d"
  integrity sha512-nSVtRoIisWW4fLJNBYWUcuy6m7Ix3p6s+ycazjjWwRlN6bXZnUqYq/tlRFk/hF0g9dVquZBemyvUnxGmeiphOA==

"@docmd/plugin-search@^0.6.9":
  version "0.6.9"
  resolved "https://registry.yarnpkg.com/@docmd/plugin-search/-/plugin-search-0.6.9.tgz#c38618823d7a14abebcc9c6581c68bcdf20d4626"
  integrity sha512-cbJUfHmqanwhkUINDhPGw+ZV+tks9sL8faur1mvk5Fc1MNh0OYMOJEKzg5MwkHsyYR3b7rFwxbzYXxn5/jt9bw==
  dependencies:
    minisearch "^7.2.0"

"@docmd/plugin-seo@^0.6.9":
  version "0.6.9"
  resolved "https://registry.yarnpkg.com/@docmd/plugin-seo/-/plugin-seo-0.6.9.tgz#c0e5970f9bbfe5f0e7054053a7cfb2884699402a"
  integrity sha512-NyY9oqEmNy52b0TN8scAWrncqrokCCPCKr3VQ6TS9tphzAWNHlCtOjNa/DRJOO3324TbalB6ioVz2O+UPXDL+A==

"@docmd/plugin-sitemap@^0.6.9":
  version "0.6.9"
  resolved "https://registry.yarnpkg.com/@docmd/plugin-sitemap/-/plugin-sitemap-0.6.9.tgz#1486031cfbe06a945016be75a63d7008980890de"
  integrity sha512-7moO8VL4zp4F/e77PvEd+aNJqlJgR95o2jDRrxbM+OeVF6gOXcADovDuxorL6E+hHFxBx32FwtXAIUUuXtrSVQ==

"@docmd/themes@^0.6.9":
  version "0.6.9"
  resolved "https://registry.yarnpkg.com/@docmd/themes/-/themes-0.6.9.tgz#47af162ea1609f12acdffdd6363f9b036eb7ca91"
  integrity sha512-ufu1EMf0ursN0vzQlSEr8/vudCuFrz3uyk0kB4nmg/YM55WDmw20dVSrGNTj/OurSjZwOphhlCQPfG2Mfe99Ww==

"@docmd/ui@^0.6.9":
  version "0.6.9"
  resolved "https://registry.yarnpkg.com/@docmd/ui/-/ui-0.6.9.tgz#023b0b1ac76104219b832dfde80def78e0c8accd"
  integrity sha512-gNrIxexTpm61RN2u5hmIqZrMVKPeA7TfR7/on1U+AZq6JXRjUpNu1/682/PlllPTlU41hw20Mf14S0y1t/6CRw==

"@esbuild/aix-ppc64@0.28.0":
  version "0.28.0"
  resolved "https://registry.yarnpkg.com/@esbuild/aix-ppc64/-/aix-ppc64-0.28.0.tgz#7a289c158e29cbf59ea0afc83cc80f06d1c89402"
  integrity sha512-lhRUCeuOyJQURhTxl4WkpFTjIsbDayJHih5kZC1giwE+MhIzAb7mEsQMqMf18rHLsrb5qI1tafG20mLxEWcWlA==

"@esbuild/android-arm64@0.28.0":
  version "0.28.0"
  resolved "https://registry.yarnpkg.com/@esbuild/android-arm64/-/android-arm64-0.28.0.tgz#b8828d9edfa3a92660644eb8de6e4f3c203d7b17"
  integrity sha512-+WzIXQOSaGs33tLEgYPYe/yQHf0WTU0X42Jca3y8NWMbUVhp7rUnw+vAsRC/QiDrdD31IszMrZy+qwPOPjd+rw==

"@esbuild/android-arm@0.28.0":
  version "0.28.0"
  resolved "https://registry.yarnpkg.com/@esbuild/android-arm/-/android-arm-0.28.0.tgz#5ec1847605e05b5dbe5df90db9ff7e3e4c58dca7"
  integrity sha512-wqh0ByljabXLKHeWXYLqoJ5jKC4XBaw6Hk08OfMrCRd2nP2ZQ5eleDZC41XHyCNgktBGYMbqnrJKq/K/lzPMSQ==

"@esbuild/android-x64@0.28.0":
  version "0.28.0"
  resolved "https://registry.yarnpkg.com/@esbuild/android-x64/-/android-x64-0.28.0.tgz#390642175b88ef82bad4cce03f8ab13fe9b1912e"
  integrity sha512-+VJggoaKhk2VNNqVL7f6S189UzShHC/mR9EE8rDdSkdpN0KflSwWY/gWjDrNxxisg8Fp1ZCD9jLMo4m0OUfeUA==

"@esbuild/darwin-arm64@0.28.0":
  version "0.28.0"
  resolved "https://registry.yarnpkg.com/@esbuild/darwin-arm64/-/darwin-arm64-0.28.0.tgz#ae45325960d5950cd6951e4f97396f4e1ff7d8d3"
  integrity sha512-0T+A9WZm+bZ84nZBtk1ckYsOvyA3x7e2Acj1KdVfV4/2tdG4fzUp91YHx+GArWLtwqp77pBXVCPn2We7Letr0Q==

"@esbuild/darwin-x64@0.28.0":
  version "0.28.0"
  resolved "https://registry.yarnpkg.com/@esbuild/darwin-x64/-/darwin-x64-0.28.0.tgz#c079247d589b6b99449659d94f06951b84bff2e4"
  integrity sha512-fyzLm/DLDl/84OCfp2f/XQ4flmORsjU7VKt8HLjvIXChJoFFOIL6pLJPH4Yhd1n1gGFF9mPwtlN5Wf82DZs+LQ==

"@esbuild/freebsd-arm64@0.28.0":
  version "0.28.0"
  resolved "https://registry.yarnpkg.com/@esbuild/freebsd-arm64/-/freebsd-arm64-0.28.0.tgz#45c456215a486593c94900297202dc11c880a37a"
  integrity sha512-l9GeW5UZBT9k9brBYI+0WDffcRxgHQD8ShN2Ur4xWq/NFzUKm3k5lsH4PdaRgb2w7mI9u61nr2gI2mLI27Nh3Q==

"@esbuild/freebsd-x64@0.28.0":
  version "0.28.0"
  resolved "https://registry.yarnpkg.com/@esbuild/freebsd-x64/-/freebsd-x64-0.28.0.tgz#0399494c1c85e4388e9b7040bd60d48f2a5b0d2c"
  integrity sha512-BXoQai/A0wPO6Es3yFJ7APCiKGc1tdAEOgeTNy3SsB491S3aHn4S4r3e976eUnPdU+NbdtmBuLncYir2tMU9Nw==

"@esbuild/linux-arm64@0.28.0":
  version "0.28.0"
  resolved "https://registry.yarnpkg.com/@esbuild/linux-arm64/-/linux-arm64-0.28.0.tgz#d6d9f09ef0de54116bf459a4d53cac7e0952fe39"
  integrity sha512-RVyzfb3FWsGA55n6WY0MEIEPURL1FcbhFE6BffZEMEekfCzCIMtB5yyDcFnVbTnwk+CLAgTujmV/Lgvih56W+A==

"@esbuild/linux-arm@0.28.0":
  version "0.28.0"
  resolved "https://registry.yarnpkg.com/@esbuild/linux-arm/-/linux-arm-0.28.0.tgz#7b42ffa84c288ae94fdc431c1b28a89e3c3b9278"
  integrity sha512-CjaaREJagqJp7iTaNQjjidaNbCKYcd4IDkzbwwxtSvjI7NZm79qiHc8HqciMddQ6CKvJT6aBd8lO9kN/ZudLlw==

"@esbuild/linux-ia32@0.28.0":
  version "0.28.0"
  resolved "https://registry.yarnpkg.com/@esbuild/linux-ia32/-/linux-ia32-0.28.0.tgz#deb15d112ed8dd605346b6b953d23a21ff81253f"
  integrity sha512-KBnSTt1kxl9x70q+ydterVdl+Cn0H18ngRMRCEQfrbqdUuntQQ0LoMZv47uB97NljZFzY6HcfqEZ2SAyIUTQBQ==

"@esbuild/linux-loong64@0.28.0":
  version "0.28.0"
  resolved "https://registry.yarnpkg.com/@esbuild/linux-loong64/-/linux-loong64-0.28.0.tgz#81fb89d07eecc79b157dea61033757726fce0ca4"
  integrity sha512-zpSlUce1mnxzgBADvxKXX5sl8aYQHo2ezvMNI8I0lbblJtp8V4odlm3Yzlj7gPyt3T8ReksE6bK+pT3WD+aJRg==

"@esbuild/linux-mips64el@0.28.0":
  version "0.28.0"
  resolved "https://registry.yarnpkg.com/@esbuild/linux-mips64el/-/linux-mips64el-0.28.0.tgz#d0e42691b3ff7af9fb2217b70fc01f343bdb62bb"
  integrity sha512-2jIfP6mmjkdmeTlsX/9vmdmhBmKADrWqN7zcdtHIeNSCH1SqIoNI63cYsjQR8J+wGa4Y5izRcSHSm8K3QWmk3w==

"@esbuild/linux-ppc64@0.28.0":
  version "0.28.0"
  resolved "https://registry.yarnpkg.com/@esbuild/linux-ppc64/-/linux-ppc64-0.28.0.tgz#389f3e5e98f17d477c467cc87136e1a076eead87"
  integrity sha512-bc0FE9wWeC0WBm49IQMPSPILRocGTQt3j5KPCA8os6VprfuJ7KD+5PzESSrJ6GmPIPJK965ZJHTUlSA6GNYEhg==

"@esbuild/linux-riscv64@0.28.0":
  version "0.28.0"
  resolved "https://registry.yarnpkg.com/@esbuild/linux-riscv64/-/linux-riscv64-0.28.0.tgz#763bd60d59b242be12da1e67d5729f3024c605fa"
  integrity sha512-SQPZOwoTTT/HXFXQJG/vBX8sOFagGqvZyXcgLA3NhIqcBv1BJU1d46c0rGcrij2B56Z2rNiSLaZOYW5cUk7yLQ==

"@esbuild/linux-s390x@0.28.0":
  version "0.28.0"
  resolved "https://registry.yarnpkg.com/@esbuild/linux-s390x/-/linux-s390x-0.28.0.tgz#aac6061634872e4677de693bce8030d73b1fd055"
  integrity sha512-SCfR0HN8CEEjnYnySJTd2cw0k9OHB/YFzt5zgJEwa+wL/T/raGWYMBqwDNAC6dqFKmJYZoQBRfHjgwLHGSrn3Q==

"@esbuild/linux-x64@0.28.0":
  version "0.28.0"
  resolved "https://registry.yarnpkg.com/@esbuild/linux-x64/-/linux-x64-0.28.0.tgz#4f2917747188fe77632bcec65b2d84b422419779"
  integrity sha512-us0dSb9iFxIi8srnpl931Nvs65it/Jd2a2K3qs7fz2WfGPHqzfzZTfec7oxZJRNPXPnNYZtanmRc4AL/JwVzHQ==

"@esbuild/netbsd-arm64@0.28.0":
  version "0.28.0"
  resolved "https://registry.yarnpkg.com/@esbuild/netbsd-arm64/-/netbsd-arm64-0.28.0.tgz#814df0ae57a0c386814491b8397eeba82094a947"
  integrity sha512-CR/RYotgtCKwtftMwJlUU7xCVNg3lMYZ0RzTmAHSfLCXw3NtZtNpswLEj/Kkf6kEL3Gw+BpOekRX0BYCtklhUw==

"@esbuild/netbsd-x64@0.28.0":
  version "0.28.0"
  resolved "https://registry.yarnpkg.com/@esbuild/netbsd-x64/-/netbsd-x64-0.28.0.tgz#e01bdf7e60fa1a08e46d46d960b0d9bb8ac210af"
  integrity sha512-nU1yhmYutL+fQ71Kxnhg8uEOdC0pwEW9entHykTgEbna2pw2dkbFSMeqjjyHZoCmt8SBkOSvV+yNmm94aUrrqw==

"@esbuild/openbsd-arm64@0.28.0":
  version "0.28.0"
  resolved "https://registry.yarnpkg.com/@esbuild/openbsd-arm64/-/openbsd-arm64-0.28.0.tgz#4a15c36aacca68d2d5a4c90b710c06759f4c1ffa"
  integrity sha512-cXb5vApOsRsxsEl4mcZ1XY3D4DzcoMxR/nnc4IyqYs0rTI8ZKmW6kyyg+11Z8yvgMfAEldKzP7AdP64HnSC/6g==

"@esbuild/openbsd-x64@0.28.0":
  version "0.28.0"
  resolved "https://registry.yarnpkg.com/@esbuild/openbsd-x64/-/openbsd-x64-0.28.0.tgz#475e6101498a8ecce3008d7c388111d7a27c17bd"
  integrity sha512-8wZM2qqtv9UP3mzy7HiGYNH/zjTA355mpeuA+859TyR+e+Tc08IHYpLJuMsfpDJwoLo1ikIJI8jC3GFjnRClzA==

"@esbuild/openharmony-arm64@0.28.0":
  version "0.28.0"
  resolved "https://registry.yarnpkg.com/@esbuild/openharmony-arm64/-/openharmony-arm64-0.28.0.tgz#cfdc3957f0b7a69f1bde129aad17fcc2f6fa033e"
  integrity sha512-FLGfyizszcef5C3YtoyQDACyg95+dndv79i2EekILBofh5wpCa1KuBqOWKrEHZg3zrL3t5ouE5jgr94vA+Wb2w==

"@esbuild/sunos-x64@0.28.0":
  version "0.28.0"
  resolved "https://registry.yarnpkg.com/@esbuild/sunos-x64/-/sunos-x64-0.28.0.tgz#a013c856fecacd1c3aec985c8afe1d1cb017497d"
  integrity sha512-1ZgjUoEdHZZl/YlV76TSCz9Hqj9h9YmMGAgAPYd+q4SicWNX3G5GCyx9uhQWSLcbvPW8Ni7lj4gDa1T40akdlw==

"@esbuild/win32-arm64@0.28.0":
  version "0.28.0"
  resolved "https://registry.yarnpkg.com/@esbuild/win32-arm64/-/win32-arm64-0.28.0.tgz#eae05e0f35271cad3898b43168d3e9a3bbaf47e5"
  integrity sha512-Q9StnDmQ/enxnpxCCLSg0oo4+34B9TdXpuyPeTedN/6+iXBJ4J+zwfQI28u/Jl40nOYAxGoNi7mFP40RUtkmUA==

"@esbuild/win32-ia32@0.28.0":
  version "0.28.0"
  resolved "https://registry.yarnpkg.com/@esbuild/win32-ia32/-/win32-ia32-0.28.0.tgz#06161ebc5bf75c08d69feb3c6b22560515913998"
  integrity sha512-zF3ag/gfiCe6U2iczcRzSYJKH1DCI+ByzSENHlM2FcDbEeo5Zd2C86Aq0tKUYAJJ1obRP84ymxIAksZUcdztHA==

"@esbuild/win32-x64@0.28.0":
  version "0.28.0"
  resolved "https://registry.yarnpkg.com/@esbuild/win32-x64/-/win32-x64-0.28.0.tgz#04d90d5752b4ce65d2b6ac25eba08ff7624fe07c"
  integrity sha512-pEl1bO9mfAmIC+tW5btTmrKaujg3zGtUmWNdCw/xs70FBjwAL3o9OEKNHvNmnyylD6ubxUERiEhdsL0xBQ9efw==

ansi-styles@^4.1.0:
  version "4.3.0"
  resolved "https://registry.yarnpkg.com/ansi-styles/-/ansi-styles-4.3.0.tgz#edd803628ae71c04c85ae7a0906edad34b648937"
  integrity sha512-zbB9rCJAT1rbjiVDb2hqKFHNYLxgtk8NURxZ3IZwD3F6NtxbXZQCnnSi1Lkx+IDohdPlFp222wVALIheZJQSEg==
  dependencies:
    color-convert "^2.0.1"

argparse@^2.0.1:
  version "2.0.1"
  resolved "https://registry.yarnpkg.com/argparse/-/argparse-2.0.1.tgz#246f50f3ca78a3240f6c997e8a9bd1eac49e4b38"
  integrity sha512-8+9WqebbFzpX9OR+Wa6O29asIogeRMzcGtAINdpMHHyAg10f05aSFVBbcEqGf/PXw1EjAZ+q2/bEBg3DvurK3Q==

base64-js@^1.3.1:
  version "1.5.1"
  resolved "https://registry.yarnpkg.com/base64-js/-/base64-js-1.5.1.tgz#1b1b440160a5bf7ad40b650f095963481903930a"
  integrity sha512-AKpaYlHn8t4SVbOHCy+b5+KKgvR4vrsD8vbvrbiQJps7fKDTkjkDry6ji0rUJjC0kzbNePLwzxq8iypo41qeWA==

buffer@^6.0.3:
  version "6.0.3"
  resolved "https://registry.yarnpkg.com/buffer/-/buffer-6.0.3.tgz#2ace578459cc8fbe2a70aaa8f52ee63b6a74c6c6"
  integrity sha512-FTiCpNxtwiZZHEZbcbTIcZjERVICn9yq/pDFkTl95/AxzD1naBctN7YO68riM/gLSDY7sdrMby8hofADYuuqOA==
  dependencies:
    base64-js "^1.3.1"
    ieee754 "^1.2.1"

chalk@^4.1.2:
  version "4.1.2"
  resolved "https://registry.yarnpkg.com/chalk/-/chalk-4.1.2.tgz#aac4e2b7734a740867aeb16bf02aad556a1e7a01"
  integrity sha512-oKnbhFyRIXpUuez8iBMmyEa4nbj4IOQyuhc/wy9kY7/WVPcwIO9VA668Pu8RkO7+0G76SLROeyw9CpQ061i4mA==
  dependencies:
    ansi-styles "^4.1.0"
    supports-color "^7.1.0"

color-convert@^2.0.1:
  version "2.0.1"
  resolved "https://registry.yarnpkg.com/color-convert/-/color-convert-2.0.1.tgz#72d3a68d598c9bdb3af2ad1e84f21d896abd4de3"
  integrity sha512-RRECPsj7iu/xb5oKYcsFHSppFNnsj/52OVTRKb4zP5onXwVF3zVmmToNcOfGC+CRDpfK/U584fMg38ZHCaElKQ==
  dependencies:
    color-name "~1.1.4"

color-name@~1.1.4:
  version "1.1.4"
  resolved "https://registry.yarnpkg.com/color-name/-/color-name-1.1.4.tgz#c2a09a87acbde69543de6f63fa3995c826c536a2"
  integrity sha512-dOy+3AuW3a2wNbZHIuMZpTcgjGuLU/uBL/ubcZF9OXbDo8ff4O8yVp5Bf0efS8uEoYo5q4Fx7dY9OgQGXgAsQA==

embed-lite@^0.1.4:
  version "0.1.4"
  resolved "https://registry.yarnpkg.com/embed-lite/-/embed-lite-0.1.4.tgz#4e94774a1ccad7369ca622a50f3ed76af5dc789a"
  integrity sha512-jHeFclp6iQGHeb0DUBh0a7eGQb1bfhDBzDfSx/nr8c5kdx0PW7EfWXzY5Ry8/AGbbVfxhewOSqwFJZLp18wdhw==

entities@^4.4.0:
  version "4.5.0"
  resolved "https://registry.yarnpkg.com/entities/-/entities-4.5.0.tgz#5d268ea5e7113ec74c4d033b79ea5a35a488fb48"
  integrity sha512-V0hjH4dGPh9Ao5p0MoRY6BVqtwCjhz6vI5LT8AJ55H+4g9/4vbHx1I54fS0XuclLhDHArPQCiMjDxjaL8fPxhw==

esbuild@^0.28.0:
  version "0.28.0"
  resolved "https://registry.yarnpkg.com/esbuild/-/esbuild-0.28.0.tgz#5dee347ffb3e3874212a35a69836b077b1ce6d96"
  integrity sha512-sNR9MHpXSUV/XB4zmsFKN+QgVG82Cc7+/aaxJ8Adi8hyOac+EXptIp45QBPaVyX3N70664wRbTcLTOemCAnyqw==
  optionalDependencies:
    "@esbuild/aix-ppc64" "0.28.0"
    "@esbuild/android-arm" "0.28.0"
    "@esbuild/android-arm64" "0.28.0"
    "@esbuild/android-x64" "0.28.0"
    "@esbuild/darwin-arm64" "0.28.0"
    "@esbuild/darwin-x64" "0.28.0"
    "@esbuild/freebsd-arm64" "0.28.0"
    "@esbuild/freebsd-x64" "0.28.0"
    "@esbuild/linux-arm" "0.28.0"
    "@esbuild/linux-arm64" "0.28.0"
    "@esbuild/linux-ia32" "0.28.0"
    "@esbuild/linux-loong64" "0.28.0"
    "@esbuild/linux-mips64el" "0.28.0"
    "@esbuild/linux-ppc64" "0.28.0"
    "@esbuild/linux-riscv64" "0.28.0"
    "@esbuild/linux-s390x" "0.28.0"
    "@esbuild/linux-x64" "0.28.0"
    "@esbuild/netbsd-arm64" "0.28.0"
    "@esbuild/netbsd-x64" "0.28.0"
    "@esbuild/openbsd-arm64" "0.28.0"
    "@esbuild/openbsd-x64" "0.28.0"
    "@esbuild/openharmony-arm64" "0.28.0"
    "@esbuild/sunos-x64" "0.28.0"
    "@esbuild/win32-arm64" "0.28.0"
    "@esbuild/win32-ia32" "0.28.0"
    "@esbuild/win32-x64" "0.28.0"

has-flag@^4.0.0:
  version "4.0.0"
  resolved "https://registry.yarnpkg.com/has-flag/-/has-flag-4.0.0.tgz#944771fd9c81c81265c4d6941860da06bb59479b"
  integrity sha512-EykJT/Q1KjTWctppgIAgfSO0tKVuZUjhgMr17kqTumMl6Afv3EISleU7qZUzoXDFTAHTDC4NOoG/ZxU3EvlMPQ==

ieee754@^1.2.1:
  version "1.2.1"
  resolved "https://registry.yarnpkg.com/ieee754/-/ieee754-1.2.1.tgz#8eb7a10a63fff25d15a57b001586d177d1b0d352"
  integrity sha512-dcyqhDvX1C46lXZcVqCpK+FtMRQVdIMN6/Df5js2zouUsqG7I6sFxitIC+7KYK29KdXOLHdu9zL4sFnoVQnqaA==

linkify-it@^5.0.1:
  version "5.0.1"
  resolved "https://registry.yarnpkg.com/linkify-it/-/linkify-it-5.0.1.tgz#10c4cecbb5c6828eabf81d3c801adc4a542dfb55"
  integrity sha512-wVoTjP4Q6R0NW5hiZkVJaFZPWgtXfoGF+6LucL3/FtiNjmcHhYjEr5f1Kqjirc1nBW07J/ZuRFumqr2oqccEWg==
  dependencies:
    uc.micro "^2.0.0"

lite-hl@^0.1.2:
  version "0.1.2"
  resolved "https://registry.yarnpkg.com/lite-hl/-/lite-hl-0.1.2.tgz#7094a076bd3d4e0a701e6ff62b70018e393df5cd"
  integrity sha512-vfWGhEyMY7Cz4CiuOzb/NT2SdHSwqGzVqRd3zecA94vsg9bjHqFqNUzYbws0VaJQW6oVXoyKWw+dzCZB+FwVHA==

lite-matter@^0.1.1:
  version "0.1.1"
  resolved "https://registry.yarnpkg.com/lite-matter/-/lite-matter-0.1.1.tgz#cc56716350f1b76409b99c56e3356caa423929d2"
  integrity sha512-3XlkLxQ3LtqtVsx1jGZMqFWKmRgH5J7/gbeU3WM1LjhV3XY+OjlNt0aEnf5De6qfxm/Qllv3vvzlLow0Dh6BoQ==
  dependencies:
    yaml "^2.4.2"

lite-template@^0.1.2:
  version "0.1.2"
  resolved "https://registry.yarnpkg.com/lite-template/-/lite-template-0.1.2.tgz#3d67e484524b65f84111f23f830a40b20565e5d0"
  integrity sha512-zWxWPs7QDGlHKOqgrSjYoq+zwQuvu+CUO6WkCRfnmme9pa8c0Mfv2huhoDfmbY7hUN5YTcuahD4SwI6/lww6jw==

lucide-static@^0.577.0:
  version "0.577.0"
  resolved "https://registry.yarnpkg.com/lucide-static/-/lucide-static-0.577.0.tgz#c25160e5b94fb9664b18c43ef9286967b697a0a3"
  integrity sha512-hx39J5Tq4JWF2ALY+5YRg+SxQLpeAmLJDXNcqiBJH/UuVwp43it9fyki/onZO7AVFgG5ZbB+fWwZR9mwGHE2XQ==

markdown-it-abbr@^1.0.4:
  version "1.0.4"
  resolved "https://registry.yarnpkg.com/markdown-it-abbr/-/markdown-it-abbr-1.0.4.tgz#d66b5364521cbb3dd8aa59dadfba2fb6865c8fd8"
  integrity sha512-ZeA4Z4SaBbYysZap5iZcxKmlPL6bYA8grqhzJIHB1ikn7njnzaP8uwbtuXc4YXD5LicI4/2Xmc0VwmSiFV04gg==

markdown-it-attrs@^4.3.1:
  version "4.5.0"
  resolved "https://registry.yarnpkg.com/markdown-it-attrs/-/markdown-it-attrs-4.5.0.tgz#9903e098f78c5e9ec2b85f7b2307eb72ed69a270"
  integrity sha512-dsuEyK/MDAYsdZLDIaDAQXz5+gP0AAbJ4ZjOSB0w+ZGe4lLbzyCgGg0LApC6j9zUK2F+2SA9VkzXfyNG9hL/8g==

markdown-it-deflist@^2.1.0:
  version "2.1.0"
  resolved "https://registry.yarnpkg.com/markdown-it-deflist/-/markdown-it-deflist-2.1.0.tgz#50d7a56b9544cd81252f7623bd785e28a8dcef5c"
  integrity sha512-3OuqoRUlSxJiuQYu0cWTLHNhhq2xtoSFqsZK8plANg91+RJQU1ziQ6lA2LzmFAEes18uPBsHZpcX6We5l76Nzg==

markdown-it-emoji@^2.0.2:
  version "2.0.2"
  resolved "https://registry.yarnpkg.com/markdown-it-emoji/-/markdown-it-emoji-2.0.2.tgz#cd42421c2fda1537d9cc12b9923f5c8aeb9029c8"
  integrity sha512-zLftSaNrKuYl0kR5zm4gxXjHaOI3FAOEaloKmRA5hijmJZvSjmxcokOLlzycb/HXlUFWzXqpIEoyEMCE4i9MvQ==

markdown-it-footnote@^3.0.3:
  version "3.0.3"
  resolved "https://registry.yarnpkg.com/markdown-it-footnote/-/markdown-it-footnote-3.0.3.tgz#e0e4c0d67390a4c5f0c75f73be605c7c190ca4d8"
  integrity sha512-YZMSuCGVZAjzKMn+xqIco9d1cLGxbELHZ9do/TSYVzraooV8ypsppKNmUJ0fVH5ljkCInQAtFpm8Rb3eXSrt5w==

markdown-it-task-lists@^2.1.1:
  version "2.1.1"
  resolved "https://registry.yarnpkg.com/markdown-it-task-lists/-/markdown-it-task-lists-2.1.1.tgz#f68f4d2ac2bad5a2c373ba93081a1a6848417088"
  integrity sha512-TxFAc76Jnhb2OUu+n3yz9RMu4CwGfaT788br6HhEDlvWfdeJcLUsxk1Hgw2yJio0OXsxv7pyIPmvECY7bMbluA==

markdown-it@^14.1.1:
  version "14.2.0"
  resolved "https://registry.yarnpkg.com/markdown-it/-/markdown-it-14.2.0.tgz#06d48d9035e77d5b1c85adb315482fc8240289ef"
  integrity sha512-1TGiQiJVRQ3NPmZH6sx5Cfnmg6GQm9jvC1ch4TK511NjSJvjzKLzn5pPfZRNZkRPZP0HqCioSndqH8v2nRaWVQ==
  dependencies:
    argparse "^2.0.1"
    entities "^4.4.0"
    linkify-it "^5.0.1"
    mdurl "^2.0.0"
    punycode.js "^2.3.1"
    uc.micro "^2.1.0"

mdurl@^2.0.0:
  version "2.0.0"
  resolved "https://registry.yarnpkg.com/mdurl/-/mdurl-2.0.0.tgz#80676ec0433025dd3e17ee983d0fe8de5a2237e0"
  integrity sha512-Lf+9+2r+Tdp5wXDXC4PcIBjTDtq4UKjCPMQhKIuzpJNW0b96kVqSwW0bT7FhRSfmAiFYgP+SCRvdrDozfh0U5w==

minisearch@^7.2.0:
  version "7.2.0"
  resolved "https://registry.yarnpkg.com/minisearch/-/minisearch-7.2.0.tgz#3dc30e41e9464b3836553b6d969b656614f8f359"
  integrity sha512-dqT2XBYUOZOiC5t2HRnwADjhNS2cecp9u+TJRiJ1Qp/f5qjkeT5APcGPjHw+bz89Ms8Jp+cG4AlE+QZ/QnDglg==

punycode.js@^2.3.1:
  version "2.3.1"
  resolved "https://registry.yarnpkg.com/punycode.js/-/punycode.js-2.3.1.tgz#6b53e56ad75588234e79f4affa90972c7dd8cdb7"
  integrity sha512-uxFIHU0YlHYhDQtV4R9J6a52SLx28BCjT+4ieh7IGbgwVJWO+km431c4yRlREUAsAmt/uMjQUyQHNEPf0M39CA==

supports-color@^7.1.0:
  version "7.2.0"
  resolved "https://registry.yarnpkg.com/supports-color/-/supports-color-7.2.0.tgz#1b7dcdcb32b8138801b3e478ba6a51caa89648da"
  integrity sha512-qpCAvRl9stuOHveKsn7HncJRvv501qIacKzQlO/+Lwxc9+0q2wLyv4Dfvt80/DPn2pqOBsJdDiogXGR9+OvwRw==
  dependencies:
    has-flag "^4.0.0"

uc.micro@^2.0.0, uc.micro@^2.1.0:
  version "2.1.0"
  resolved "https://registry.yarnpkg.com/uc.micro/-/uc.micro-2.1.0.tgz#f8d3f7d0ec4c3dea35a7e3c8efa4cb8b45c9e7ee"
  integrity sha512-ARDJmphmdvUk6Glw7y9DQ2bFkKBHwQHLi2lsaH6PPmz/Ka9sFOBsBluozhDltWmnv9u/cF6Rt87znRTPV+yp/A==

ws@^8.20.0:
  version "8.21.0"
  resolved "https://registry.yarnpkg.com/ws/-/ws-8.21.0.tgz#012e413fc07429945121b0c153158c4343086951"
  integrity sha512-Vsp28b7DRcimFQvrqu2Wek3z1iYxDCWqHYB8Qsnk/S4RfaCQzPGPyBNuVjJV3cd6UiKtUtp6sNM77gWvzcCH+g==

yaml@^2.4.2:
  version "2.9.0"
  resolved "https://registry.yarnpkg.com/yaml/-/yaml-2.9.0.tgz#78274afd93598a1dfdd6130df6a566defcbf9aa4"
  integrity sha512-2AvhNX3mb8zd6Zy7INTtSpl1F15HW6Wnqj0srWlkKLcpYl/gMIMJiyuGq2KeI2YFxUPjdlB+3Lc10seMLtL4cA==
